lockfileVersion: '6.0'

settings:
  autoInstallPeers: true
  excludeLinksFromLockfile: false

importers:

  .:
    devDependencies:
      pnpm:
        specifier: ^8.9.0
        version: 8.15.9

  packages/lf-rough:
    dependencies:
      '@logicflow/core':
        specifier: ^2.2.0
        version: 2.2.0
      roughjs:
        specifier: ^4.5.2
        version: 4.6.6
    devDependencies:
      typescript:
        specifier: ^4.6.4
        version: 4.9.5
      vite:
        specifier: ^3.1.0
        version: 3.2.11

  packages/website:
    dependencies:
      '@logicflow/core':
        specifier: ^2.2.0
        version: 2.2.0
      '@logicflow/extension':
        specifier: ^2.2.0
        version: 2.2.0(@logicflow/core@2.2.0)(@logicflow/vue-node-registry@1.2.0)
      element-plus:
        specifier: ^2.2.17
        version: 2.12.0(vue@3.5.25)
      lf-rough:
        specifier: workspace:*
        version: link:../lf-rough
      vue:
        specifier: ^3.2.37
        version: 3.5.25(typescript@4.9.5)
    devDependencies:
      '@vitejs/plugin-vue':
        specifier: ^3.1.0
        version: 3.2.0(vite@3.2.11)(vue@3.5.25)
      typescript:
        specifier: ^4.6.4
        version: 4.9.5
      vite:
        specifier: ^3.1.0
        version: 3.2.11
      vue-tsc:
        specifier: ^0.40.4
        version: 0.40.13(typescript@4.9.5)

packages:

  /@antv/hierarchy@0.6.14:
    resolution: {integrity: sha512-V3uknf7bhynOqQDw2sg+9r9DwZ9pc6k/EcqyTFdfXB1+ydr7urisP0MipIuimucvQKN+Qkd+d6w601r1UIroqQ==}
    dev: false

  /@babel/helper-string-parser@7.27.1:
    resolution: {integrity: sha512-qMlSxKbpRlAridDExk92nSobyDdpPijUq2DW6oDnUqd0iOGxmQjyqhMIihI9+zv4LPyZdRje2cavWPbCbWm3eA==}
    engines: {node: '>=6.9.0'}

  /@babel/helper-validator-identifier@7.28.5:
    resolution: {integrity: sha512-qSs4ifwzKJSV39ucNjsvc6WVHs6b7S03sOh2OcHF9UHfVPqWWALUsNUVzhSBiItjRZoLHx7nIarVjqKVusUZ1Q==}
    engines: {node: '>=6.9.0'}

  /@babel/parser@7.28.5:
    resolution: {integrity: sha512-KKBU1VGYR7ORr3At5HAtUQ+TV3SzRCXmA/8OdDZiLDBIZxVyzXuztPjfLd3BV1PRAQGCMWWSHYhL0F8d5uHBDQ==}
    engines: {node: '>=6.0.0'}
    hasBin: true
    dependencies:
      '@babel/types': 7.28.5

  /@babel/types@7.28.5:
    resolution: {integrity: sha512-qQ5m48eI/MFLQ5PxQj4PFaprjyCTLI37ElWMmNs0K8Lk3dVeOdNpB3ks8jc7yM5CDmVC73eMVk/trk3fgmrUpA==}
    engines: {node: '>=6.9.0'}
    dependencies:
      '@babel/helper-string-parser': 7.27.1
      '@babel/helper-validator-identifier': 7.28.5

  /@ctrl/tinycolor@3.6.1:
    resolution: {integrity: sha512-SITSV6aIXsuVNV3f3O0f2n/cgyEDWoSqtZMYiAmcsYHydcKrOz3gUxB/iXd/Qf08+IZX4KpgNbvUdMBmWz+kcA==}
    engines: {node: '>=10'}
    dev: false

  /@element-plus/icons-vue@2.3.2(vue@3.5.25):
    resolution: {integrity: sha512-OzIuTaIfC8QXEPmJvB4Y4kw34rSXdCJzxcD1kFStBvr8bK6X1zQAYDo0CNMjojnfTqRQCJ0I7prlErcoRiET2A==}
    peerDependencies:
      vue: ^3.2.0
    dependencies:
      vue: 3.5.25(typescript@4.9.5)
    dev: false

  /@esbuild/android-arm@0.15.18:
    resolution: {integrity: sha512-5GT+kcs2WVGjVs7+boataCkO5Fg0y4kCjzkB5bAip7H4jfnOS3dA6KPiww9W1OEKTKeAcUVhdZGvgI65OXmUnw==}
    engines: {node: '>=12'}
    cpu: [arm]
    os: [android]
    requiresBuild: true
    dev: true
    optional: true

  /@esbuild/linux-loong64@0.15.18:
    resolution: {integrity: sha512-L4jVKS82XVhw2nvzLg/19ClLWg0y27ulRwuP7lcyL6AbUWB5aPglXY3M21mauDQMDfRLs8cQmeT03r/+X3cZYQ==}
    engines: {node: '>=12'}
    cpu: [loong64]
    os: [linux]
    requiresBuild: true
    dev: true
    optional: true

  /@floating-ui/core@1.7.3:
    resolution: {integrity: sha512-sGnvb5dmrJaKEZ+LDIpguvdX3bDlEllmv4/ClQ9awcmCZrlx5jQyyMWFM5kBI+EyNOCDDiKk8il0zeuX3Zlg/w==}
    dependencies:
      '@floating-ui/utils': 0.2.10
    dev: false

  /@floating-ui/dom@1.7.4:
    resolution: {integrity: sha512-OOchDgh4F2CchOX94cRVqhvy7b3AFb+/rQXyswmzmGakRfkMgoWVjfnLWkRirfLEfuD4ysVW16eXzwt3jHIzKA==}
    dependencies:
      '@floating-ui/core': 1.7.3
      '@floating-ui/utils': 0.2.10
    dev: false

  /@floating-ui/utils@0.2.10:
    resolution: {integrity: sha512-aGTxbpbg8/b5JfU1HXSrbH3wXZuLPJcNEcZQFMxLs3oSzgtVu6nFPkbbGGUvBcUjKV2YyB9Wxxabo+HEH9tcRQ==}
    dev: false

  /@jridgewell/sourcemap-codec@1.5.5:
    resolution: {integrity: sha512-cYQ9310grqxueWbl+WuIUIaiUaDcj7WOq5fVhEljNVgRfOUhY9fy2zTvfoqWsnebh8Sl70VScFbICvJnLKB0Og==}

  /@logicflow/core@2.2.0:
    resolution: {integrity: sha512-QpiJijEPEpCeGk6v8Rx/NAjk9S17VJ9/fjOm7JCbuijmOPD7k0i4kn7enEObbBq3ofL5U2NzzNHQ4RrZaYP/pg==}
    dependencies:
      classnames: 2.5.1
      lodash-es: 4.17.21
      mobx: 5.15.7
      mobx-preact: 3.0.0(mobx@5.15.7)(preact@10.28.0)
      mobx-utils: 5.6.2(mobx@5.15.7)
      mousetrap: 1.6.5
      preact: 10.28.0
      uuid: 9.0.1
    dev: false

  /@logicflow/extension@2.2.0(@logicflow/core@2.2.0)(@logicflow/vue-node-registry@1.2.0):
    resolution: {integrity: sha512-5DjhtsS1Eok01HLNJJwdeFePwQSHPIufwk8CJFSVzTZDef38mM9m8OUplvxRPh9qGn5W+mQepFlY5KjOYkMiIw==}
    peerDependencies:
      '@logicflow/core': 2.2.0
      '@logicflow/vue-node-registry': 1.2.0
    dependencies:
      '@antv/hierarchy': 0.6.14
      '@logicflow/core': 2.2.0
      '@logicflow/vue-node-registry': 1.2.0(@logicflow/core@2.2.0)(vue@3.5.25)
      classnames: 2.5.1
      lodash-es: 4.17.21
      medium-editor: 5.23.3
      mobx: 5.15.7
      preact: 10.28.0
      rangy: 1.3.2
      vanilla-picker: 2.12.3
    dev: false

  /@logicflow/vue-node-registry@1.2.0(@logicflow/core@2.2.0)(vue@3.5.25):
    resolution: {integrity: sha512-1rqzSrVcTljobF6sbg3nbkwr0h0YgincL35CK13NnokJ8y0TmBq28e+EN+BoI/iJ7e1Fdgs6bI1qeyfeIkVVTA==}
    peerDependencies:
      '@logicflow/core': 2.2.0
      '@vue/composition-api': ^1.0.0-rc.10
      vue: ^2.0.0 || >=3.0.0
    peerDependenciesMeta:
      '@vue/composition-api':
        optional: true
    dependencies:
      '@logicflow/core': 2.2.0
      lodash-es: 4.17.21
      vue: 3.5.25(typescript@4.9.5)
      vue-demi: 0.14.10(vue@3.5.25)
    dev: false

  /@sphinxxxx/color-conversion@2.2.2:
    resolution: {integrity: sha512-XExJS3cLqgrmNBIP3bBw6+1oQ1ksGjFh0+oClDKFYpCCqx/hlqwWO5KO/S63fzUo67SxI9dMrF0y5T/Ey7h8Zw==}
    dev: false

  /@sxzz/popperjs-es@2.11.7:
    resolution: {integrity: sha512-Ccy0NlLkzr0Ex2FKvh2X+OyERHXJ88XJ1MXtsI9y9fGexlaXaVTPzBCRBwIxFkORuOb+uBqeu+RqnpgYTEZRUQ==}
    dev: false

  /@types/lodash-es@4.17.12:
    resolution: {integrity: sha512-0NgftHUcV4v34VhXm8QBSftKVXtbkBG3ViCjs6+eJ5a6y6Mi/jiFGPc1sC7QK+9BFhWrURE3EOggmWaSxL9OzQ==}
    dependencies:
      '@types/lodash': 4.17.21
    dev: false

  /@types/lodash@4.17.21:
    resolution: {integrity: sha512-FOvQ0YPD5NOfPgMzJihoT+Za5pdkDJWcbpuj1DjaKZIr/gxodQjY/uWEFlTNqW2ugXHUiL8lRQgw63dzKHZdeQ==}
    dev: false

  /@types/web-bluetooth@0.0.16:
    resolution: {integrity: sha512-oh8q2Zc32S6gd/j50GowEjKLoOVOwHP/bWVjKJInBwQqdOYMdPrf1oVlelTlyfFK3CKxL1uahMDAr+vy8T7yMQ==}
    dev: false

  /@vitejs/plugin-vue@3.2.0(vite@3.2.11)(vue@3.5.25):
    resolution: {integrity: sha512-E0tnaL4fr+qkdCNxJ+Xd0yM31UwMkQje76fsDVBBUCoGOUPexu2VDUYHL8P4CwV+zMvWw6nlRw19OnRKmYAJpw==}
    engines: {node: ^14.18.0 || >=16.0.0}
    peerDependencies:
      vite: ^3.0.0
      vue: ^3.2.25
    dependencies:
      vite: 3.2.11
      vue: 3.5.25(typescript@4.9.5)
    dev: true

  /@volar/code-gen@0.40.13:
    resolution: {integrity: sha512-4gShBWuMce868OVvgyA1cU5WxHbjfEme18Tw6uVMfweZCF5fB2KECG0iPrA9D54vHk3FeHarODNwgIaaFfUBlA==}
    dependencies:
      '@volar/source-map': 0.40.13
    dev: true

  /@volar/source-map@0.40.13:
    resolution: {integrity: sha512-dbdkAB2Nxb0wLjAY5O64o3ywVWlAGONnBIoKAkXSf6qkGZM+nJxcizsoiI66K+RHQG0XqlyvjDizfnTxr+6PWg==}
    dependencies:
      '@vue/reactivity': 3.2.38
    dev: true

  /@volar/typescript-faster@0.40.13:
    resolution: {integrity: sha512-uy+TlcFkKoNlKEnxA4x5acxdxLyVDIXGSc8cYDNXpPKjBKXrQaetzCzlO3kVBqu1VLMxKNGJMTKn35mo+ILQmw==}
    dependencies:
      semver: 7.7.3
    dev: true

  /@volar/vue-language-core@0.40.13:
    resolution: {integrity: sha512-QkCb8msi2KUitTdM6Y4kAb7/ZlEvuLcbBFOC2PLBlFuoZwyxvSP7c/dBGmKGtJlEvMX0LdCyrg5V2aBYxD38/Q==}
    dependencies:
      '@volar/code-gen': 0.40.13
      '@volar/source-map': 0.40.13
      '@vue/compiler-core': 3.5.25
      '@vue/compiler-dom': 3.5.25
      '@vue/compiler-sfc': 3.5.25
      '@vue/reactivity': 3.5.25
      '@vue/shared': 3.5.25
    dev: true

  /@volar/vue-typescript@0.40.13:
    resolution: {integrity: sha512-o7bNztwjs8JmbQjVkrnbZUOfm7q4B8ZYssETISN1tRaBdun6cfNqgpkvDYd+VUBh1O4CdksvN+5BUNnwAz4oCQ==}
    deprecated: 'WARNING: This project has been renamed to @vue/typescript. Install using @vue/typescript instead.'
    dependencies:
      '@volar/code-gen': 0.40.13
      '@volar/typescript-faster': 0.40.13
      '@volar/vue-language-core': 0.40.13
    dev: true

  /@vue/compiler-core@3.5.25:
    resolution: {integrity: sha512-vay5/oQJdsNHmliWoZfHPoVZZRmnSWhug0BYT34njkYTPqClh3DNWLkZNJBVSjsNMrg0CCrBfoKkjZQPM/QVUw==}
    dependencies:
      '@babel/parser': 7.28.5
      '@vue/shared': 3.5.25
      entities: 4.5.0
      estree-walker: 2.0.2
      source-map-js: 1.2.1

  /@vue/compiler-dom@3.5.25:
    resolution: {integrity: sha512-4We0OAcMZsKgYoGlMjzYvaoErltdFI2/25wqanuTu+S4gismOTRTBPi4IASOjxWdzIwrYSjnqONfKvuqkXzE2Q==}
    dependencies:
      '@vue/compiler-core': 3.5.25
      '@vue/shared': 3.5.25

  /@vue/compiler-sfc@3.5.25:
    resolution: {integrity: sha512-PUgKp2rn8fFsI++lF2sO7gwO2d9Yj57Utr5yEsDf3GNaQcowCLKL7sf+LvVFvtJDXUp/03+dC6f2+LCv5aK1ag==}
    dependencies:
      '@babel/parser': 7.28.5
      '@vue/compiler-core': 3.5.25
      '@vue/compiler-dom': 3.5.25
      '@vue/compiler-ssr': 3.5.25
      '@vue/shared': 3.5.25
      estree-walker: 2.0.2
      magic-string: 0.30.21
      postcss: 8.5.6
      source-map-js: 1.2.1

  /@vue/compiler-ssr@3.5.25:
    resolution: {integrity: sha512-ritPSKLBcParnsKYi+GNtbdbrIE1mtuFEJ4U1sWeuOMlIziK5GtOL85t5RhsNy4uWIXPgk+OUdpnXiTdzn8o3A==}
    dependencies:
      '@vue/compiler-dom': 3.5.25
      '@vue/shared': 3.5.25

  /@vue/reactivity@3.2.38:
    resolution: {integrity: sha512-6L4myYcH9HG2M25co7/BSo0skKFHpAN8PhkNPM4xRVkyGl1K5M3Jx4rp5bsYhvYze2K4+l+pioN4e6ZwFLUVtw==}
    dependencies:
      '@vue/shared': 3.2.38
    dev: true

  /@vue/reactivity@3.5.25:
    resolution: {integrity: sha512-5xfAypCQepv4Jog1U4zn8cZIcbKKFka3AgWHEFQeK65OW+Ys4XybP6z2kKgws4YB43KGpqp5D/K3go2UPPunLA==}
    dependencies:
      '@vue/shared': 3.5.25

  /@vue/runtime-core@3.5.25:
    resolution: {integrity: sha512-Z751v203YWwYzy460bzsYQISDfPjHTl+6Zzwo/a3CsAf+0ccEjQ8c+0CdX1WsumRTHeywvyUFtW6KvNukT/smA==}
    dependencies:
      '@vue/reactivity': 3.5.25
      '@vue/shared': 3.5.25

  /@vue/runtime-dom@3.5.25:
    resolution: {integrity: sha512-a4WrkYFbb19i9pjkz38zJBg8wa/rboNERq3+hRRb0dHiJh13c+6kAbgqCPfMaJ2gg4weWD3APZswASOfmKwamA==}
    dependencies:
      '@vue/reactivity': 3.5.25
      '@vue/runtime-core': 3.5.25
      '@vue/shared': 3.5.25
      csstype: 3.2.3

  /@vue/server-renderer@3.5.25(vue@3.5.25):
    resolution: {integrity: sha512-UJaXR54vMG61i8XNIzTSf2Q7MOqZHpp8+x3XLGtE3+fL+nQd+k7O5+X3D/uWrnQXOdMw5VPih+Uremcw+u1woQ==}
    peerDependencies:
      vue: 3.5.25
    dependencies:
      '@vue/compiler-ssr': 3.5.25
      '@vue/shared': 3.5.25
      vue: 3.5.25(typescript@4.9.5)

  /@vue/shared@3.2.38:
    resolution: {integrity: sha512-dTyhTIRmGXBjxJE+skC8tTWCGLCVc4wQgRRLt8+O9p5ewBAjoBwtCAkLPrtToSr1xltoe3st21Pv953aOZ7alg==}
    dev: true

  /@vue/shared@3.5.25:
    resolution: {integrity: sha512-AbOPdQQnAnzs58H2FrrDxYj/TJfmeS2jdfEEhgiKINy+bnOANmVizIEgq1r+C5zsbs6l1CCQxtcj71rwNQ4jWg==}

  /@vueuse/core@9.13.0(vue@3.5.25):
    resolution: {integrity: sha512-pujnclbeHWxxPRqXWmdkKV5OX4Wk4YeK7wusHqRwU0Q7EFusHoqNA/aPhB6KCh9hEqJkLAJo7bb0Lh9b+OIVzw==}
    dependencies:
      '@types/web-bluetooth': 0.0.16
      '@vueuse/metadata': 9.13.0
      '@vueuse/shared': 9.13.0(vue@3.5.25)
      vue-demi: 0.14.10(vue@3.5.25)
    transitivePeerDependencies:
      - '@vue/composition-api'
      - vue
    dev: false

  /@vueuse/metadata@9.13.0:
    resolution: {integrity: sha512-gdU7TKNAUVlXXLbaF+ZCfte8BjRJQWPCa2J55+7/h+yDtzw3vOoGQDRXzI6pyKyo6bXFT5/QoPE4hAknExjRLQ==}
    dev: false

  /@vueuse/shared@9.13.0(vue@3.5.25):
    resolution: {integrity: sha512-UrnhU+Cnufu4S6JLCPZnkWh0WwZGUp72ktOF2DFptMlOs3TOdVv8xJN53zhHGARmVOsz5KqOls09+J1NR6sBKw==}
    dependencies:
      vue-demi: 0.14.10(vue@3.5.25)
    transitivePeerDependencies:
      - '@vue/composition-api'
      - vue
    dev: false

  /async-validator@4.2.5:
    resolution: {integrity: sha512-7HhHjtERjqlNbZtqNqy2rckN/SpOOlmDliet+lP7k+eKZEjPk3DgyeU9lIXLdeLz0uBbbVp+9Qdow9wJWgwwfg==}
    dev: false

  /classnames@2.5.1:
    resolution: {integrity: sha512-saHYOzhIQs6wy2sVxTM6bUDsQO4F50V9RQ22qBpEdCW+I+/Wmke2HOl6lS6dTpdxVhb88/I6+Hs+438c3lfUow==}
    dev: false

  /csstype@3.2.3:
    resolution: {integrity: sha512-z1HGKcYy2xA8AGQfwrn0PAy+PB7X/GSj3UVJW9qKyn43xWa+gl5nXmU4qqLMRzWVLFC8KusUX8T/0kCiOYpAIQ==}

  /dayjs@1.11.19:
    resolution: {integrity: sha512-t5EcLVS6QPBNqM2z8fakk/NKel+Xzshgt8FFKAn+qwlD1pzZWxh0nVCrvFK7ZDb6XucZeF9z8C7CBWTRIVApAw==}
    dev: false

  /element-plus@2.12.0(vue@3.5.25):
    resolution: {integrity: sha512-M9YLSn2np9OnqrSKWsiXvGe3qnF8pd94+TScsHj1aTMCD+nSEvucXermf807qNt6hOP040le0e5Aft7E9ZfHmA==}
    peerDependencies:
      vue: ^3.2.0
    dependencies:
      '@ctrl/tinycolor': 3.6.1
      '@element-plus/icons-vue': 2.3.2(vue@3.5.25)
      '@floating-ui/dom': 1.7.4
      '@popperjs/core': /@sxzz/popperjs-es@2.11.7
      '@types/lodash': 4.17.21
      '@types/lodash-es': 4.17.12
      '@vueuse/core': 9.13.0(vue@3.5.25)
      async-validator: 4.2.5
      dayjs: 1.11.19
      lodash: 4.17.21
      lodash-es: 4.17.21
      lodash-unified: 1.0.3(@types/lodash-es@4.17.12)(lodash-es@4.17.21)(lodash@4.17.21)
      memoize-one: 6.0.0
      normalize-wheel-es: 1.2.0
      vue: 3.5.25(typescript@4.9.5)
    transitivePeerDependencies:
      - '@vue/composition-api'
    dev: false

  /entities@4.5.0:
    resolution: {integrity: sha512-V0hjH4dGPh9Ao5p0MoRY6BVqtwCjhz6vI5LT8AJ55H+4g9/4vbHx1I54fS0XuclLhDHArPQCiMjDxjaL8fPxhw==}
    engines: {node: '>=0.12'}

  /esbuild-android-64@0.15.18:
    resolution: {integrity: sha512-wnpt3OXRhcjfIDSZu9bnzT4/TNTDsOUvip0foZOUBG7QbSt//w3QV4FInVJxNhKc/ErhUxc5z4QjHtMi7/TbgA==}
    engines: {node: '>=12'}
    cpu: [x64]
    os: [android]
    requiresBuild: true
    dev: true
    optional: true

  /esbuild-android-arm64@0.15.18:
    resolution: {integrity: sha512-G4xu89B8FCzav9XU8EjsXacCKSG2FT7wW9J6hOc18soEHJdtWu03L3TQDGf0geNxfLTtxENKBzMSq9LlbjS8OQ==}
    engines: {node: '>=12'}
    cpu: [arm64]
    os: [android]
    requiresBuild: true
    dev: true
    optional: true

  /esbuild-darwin-64@0.15.18:
    resolution: {integrity: sha512-2WAvs95uPnVJPuYKP0Eqx+Dl/jaYseZEUUT1sjg97TJa4oBtbAKnPnl3b5M9l51/nbx7+QAEtuummJZW0sBEmg==}
    engines: {node: '>=12'}
    cpu: [x64]
    os: [darwin]
    requiresBuild: true
    dev: true
    optional: true

  /esbuild-darwin-arm64@0.15.18:
    resolution: {integrity: sha512-tKPSxcTJ5OmNb1btVikATJ8NftlyNlc8BVNtyT/UAr62JFOhwHlnoPrhYWz09akBLHI9nElFVfWSTSRsrZiDUA==}
    engines: {node: '>=12'}
    cpu: [arm64]
    os: [darwin]
    requiresBuild: true
    dev: true
    optional: true

  /esbuild-freebsd-64@0.15.18:
    resolution: {integrity: sha512-TT3uBUxkteAjR1QbsmvSsjpKjOX6UkCstr8nMr+q7zi3NuZ1oIpa8U41Y8I8dJH2fJgdC3Dj3CXO5biLQpfdZA==}
    engines: {node: '>=12'}
    cpu: [x64]
    os: [freebsd]
    requiresBuild: true
    dev: true
    optional: true

  /esbuild-freebsd-arm64@0.15.18:
    resolution: {integrity: sha512-R/oVr+X3Tkh+S0+tL41wRMbdWtpWB8hEAMsOXDumSSa6qJR89U0S/PpLXrGF7Wk/JykfpWNokERUpCeHDl47wA==}
    engines: {node: '>=12'}
    cpu: [arm64]
    os: [freebsd]
    requiresBuild: true
    dev: true
    optional: true

  /esbuild-linux-32@0.15.18:
    resolution: {integrity: sha512-lphF3HiCSYtaa9p1DtXndiQEeQDKPl9eN/XNoBf2amEghugNuqXNZA/ZovthNE2aa4EN43WroO0B85xVSjYkbg==}
    engines: {node: '>=12'}
    cpu: [ia32]
    os: [linux]
    requiresBuild: true
    dev: true
    optional: true

  /esbuild-linux-64@0.15.18:
    resolution: {integrity: sha512-hNSeP97IviD7oxLKFuii5sDPJ+QHeiFTFLoLm7NZQligur8poNOWGIgpQ7Qf8Balb69hptMZzyOBIPtY09GZYw==}
    engines: {node: '>=12'}
    cpu: [x64]
    os: [linux]
    requiresBuild: true
    dev: true
    optional: true

  /esbuild-linux-arm64@0.15.18:
    resolution: {integrity: sha512-54qr8kg/6ilcxd+0V3h9rjT4qmjc0CccMVWrjOEM/pEcUzt8X62HfBSeZfT2ECpM7104mk4yfQXkosY8Quptug==}
    engines: {node: '>=12'}
    cpu: [arm64]
    os: [linux]
    requiresBuild: true
    dev: true
    optional: true

  /esbuild-linux-arm@0.15.18:
    resolution: {integrity: sha512-UH779gstRblS4aoS2qpMl3wjg7U0j+ygu3GjIeTonCcN79ZvpPee12Qun3vcdxX+37O5LFxz39XeW2I9bybMVA==}
    engines: {node: '>=12'}
    cpu: [arm]
    os: [linux]
    requiresBuild: true
    dev: true
    optional: true

  /esbuild-linux-mips64le@0.15.18:
    resolution: {integrity: sha512-Mk6Ppwzzz3YbMl/ZZL2P0q1tnYqh/trYZ1VfNP47C31yT0K8t9s7Z077QrDA/guU60tGNp2GOwCQnp+DYv7bxQ==}
    engines: {node: '>=12'}
    cpu: [mips64el]
    os: [linux]
    requiresBuild: true
    dev: true
    optional: true

  /esbuild-linux-ppc64le@0.15.18:
    resolution: {integrity: sha512-b0XkN4pL9WUulPTa/VKHx2wLCgvIAbgwABGnKMY19WhKZPT+8BxhZdqz6EgkqCLld7X5qiCY2F/bfpUUlnFZ9w==}
    engines: {node: '>=12'}
    cpu: [ppc64]
    os: [linux]
    requiresBuild: true
    dev: true
    optional: true

  /esbuild-linux-riscv64@0.15.18:
    resolution: {integrity: sha512-ba2COaoF5wL6VLZWn04k+ACZjZ6NYniMSQStodFKH/Pu6RxzQqzsmjR1t9QC89VYJxBeyVPTaHuBMCejl3O/xg==}
    engines: {node: '>=12'}
    cpu: [riscv64]
    os: [linux]
    requiresBuild: true
    dev: true
    optional: true

  /esbuild-linux-s390x@0.15.18:
    resolution: {integrity: sha512-VbpGuXEl5FCs1wDVp93O8UIzl3ZrglgnSQ+Hu79g7hZu6te6/YHgVJxCM2SqfIila0J3k0csfnf8VD2W7u2kzQ==}
    engines: {node: '>=12'}
    cpu: [s390x]
    os: [linux]
    requiresBuild: true
    dev: true
    optional: true

  /esbuild-netbsd-64@0.15.18:
    resolution: {integrity: sha512-98ukeCdvdX7wr1vUYQzKo4kQ0N2p27H7I11maINv73fVEXt2kyh4K4m9f35U1K43Xc2QGXlzAw0K9yoU7JUjOg==}
    engines: {node: '>=12'}
    cpu: [x64]
    os: [netbsd]
    requiresBuild: true
    dev: true
    optional: true

  /esbuild-openbsd-64@0.15.18:
    resolution: {integrity: sha512-yK5NCcH31Uae076AyQAXeJzt/vxIo9+omZRKj1pauhk3ITuADzuOx5N2fdHrAKPxN+zH3w96uFKlY7yIn490xQ==}
    engines: {node: '>=12'}
    cpu: [x64]
    os: [openbsd]
    requiresBuild: true
    dev: true
    optional: true

  /esbuild-sunos-64@0.15.18:
    resolution: {integrity: sha512-On22LLFlBeLNj/YF3FT+cXcyKPEI263nflYlAhz5crxtp3yRG1Ugfr7ITyxmCmjm4vbN/dGrb/B7w7U8yJR9yw==}
    engines: {node: '>=12'}
    cpu: [x64]
    os: [sunos]
    requiresBuild: true
    dev: true
    optional: true

  /esbuild-windows-32@0.15.18:
    resolution: {integrity: sha512-o+eyLu2MjVny/nt+E0uPnBxYuJHBvho8vWsC2lV61A7wwTWC3jkN2w36jtA+yv1UgYkHRihPuQsL23hsCYGcOQ==}
    engines: {node: '>=12'}
    cpu: [ia32]
    os: [win32]
    requiresBuild: true
    dev: true
    optional: true

  /esbuild-windows-64@0.15.18:
    resolution: {integrity: sha512-qinug1iTTaIIrCorAUjR0fcBk24fjzEedFYhhispP8Oc7SFvs+XeW3YpAKiKp8dRpizl4YYAhxMjlftAMJiaUw==}
    engines: {node: '>=12'}
    cpu: [x64]
    os: [win32]
    requiresBuild: true
    dev: true
    optional: true

  /esbuild-windows-arm64@0.15.18:
    resolution: {integrity: sha512-q9bsYzegpZcLziq0zgUi5KqGVtfhjxGbnksaBFYmWLxeV/S1fK4OLdq2DFYnXcLMjlZw2L0jLsk1eGoB522WXQ==}
    engines: {node: '>=12'}
    cpu: [arm64]
    os: [win32]
    requiresBuild: true
    dev: true
    optional: true

  /esbuild@0.15.18:
    resolution: {integrity: sha512-x/R72SmW3sSFRm5zrrIjAhCeQSAWoni3CmHEqfQrZIQTM3lVCdehdwuIqaOtfC2slvpdlLa62GYoN8SxT23m6Q==}
    engines: {node: '>=12'}
    hasBin: true
    requiresBuild: true
    optionalDependencies:
      '@esbuild/android-arm': 0.15.18
      '@esbuild/linux-loong64': 0.15.18
      esbuild-android-64: 0.15.18
      esbuild-android-arm64: 0.15.18
      esbuild-darwin-64: 0.15.18
      esbuild-darwin-arm64: 0.15.18
      esbuild-freebsd-64: 0.15.18
      esbuild-freebsd-arm64: 0.15.18
      esbuild-linux-32: 0.15.18
      esbuild-linux-64: 0.15.18
      esbuild-linux-arm: 0.15.18
      esbuild-linux-arm64: 0.15.18
      esbuild-linux-mips64le: 0.15.18
      esbuild-linux-ppc64le: 0.15.18
      esbuild-linux-riscv64: 0.15.18
      esbuild-linux-s390x: 0.15.18
      esbuild-netbsd-64: 0.15.18
      esbuild-openbsd-64: 0.15.18
      esbuild-sunos-64: 0.15.18
      esbuild-windows-32: 0.15.18
      esbuild-windows-64: 0.15.18
      esbuild-windows-arm64: 0.15.18
    dev: true

  /estree-walker@2.0.2:
    resolution: {integrity: sha512-Rfkk/Mp/DL7JVje3u18FxFujQlTNR2q6QfMSMB7AvCBx91NGj/ba3kCfza0f6dVDbw7YlRf/nDrn7pQrCCyQ/w==}

  /fsevents@2.3.3:
    resolution: {integrity: sha512-5xoDfX+fL7faATnagmWPpbFtwh/R77WmMMqqHGS65C3vvB0YHrgF+B1YmZ3441tMj5n63k0212XNoJwzlhffQw==}
    engines: {node: ^8.16.0 || ^10.6.0 || >=11.0.0}
    os: [darwin]
    requiresBuild: true
    dev: true
    optional: true

  /function-bind@1.1.2:
    resolution: {integrity: sha512-7XHNxH7qX9xG5mIwxkhumTox/MIRNcOgDrxWsMt2pAr23WHp6MrRlN7FBSFpCpr+oVO0F744iUgR82nJMfG2SA==}
    dev: true

  /hachure-fill@0.5.2:
    resolution: {integrity: sha512-3GKBOn+m2LX9iq+JC1064cSFprJY4jL1jCXTcpnfER5HYE2l/4EfWSGzkPa/ZDBmYI0ZOEj5VHV/eKnPGkHuOg==}
    dev: false

  /hasown@2.0.2:
    resolution: {integrity: sha512-0hJU9SCPvmMzIBdZFqNPXWa6dqh7WdH0cII9y+CyS8rG3nL48Bclra9HmKhVVUHyPWNH5Y7xDwAB7bfgSjkUMQ==}
    engines: {node: '>= 0.4'}
    dependencies:
      function-bind: 1.1.2
    dev: true

  /hoist-non-react-statics@2.5.5:
    resolution: {integrity: sha512-rqcy4pJo55FTTLWt+bU8ukscqHeE/e9KWvsOW2b/a3afxQZhwkQdT1rPPCJ0rYXdj4vNcasY8zHTH+jF/qStxw==}
    dev: false

  /is-core-module@2.16.1:
    resolution: {integrity: sha512-UfoeMA6fIJ8wTYFEUjelnaGI67v6+N7qXJEvQuIGa99l4xsCruSYOVSQ0uPANn4dAzm8lkYPaKLrrijLq7x23w==}
    engines: {node: '>= 0.4'}
    dependencies:
      hasown: 2.0.2
    dev: true

  /lodash-es@4.17.21:
    resolution: {integrity: sha512-mKnC+QJ9pWVzv+C4/U3rRsHapFfHvQFoFB92e52xeyGMcX6/OlIl78je1u8vePzYZSkkogMPJ2yjxxsb89cxyw==}
    dev: false

  /lodash-unified@1.0.3(@types/lodash-es@4.17.12)(lodash-es@4.17.21)(lodash@4.17.21):
    resolution: {integrity: sha512-WK9qSozxXOD7ZJQlpSqOT+om2ZfcT4yO+03FuzAHD0wF6S0l0090LRPDx3vhTTLZ8cFKpBn+IOcVXK6qOcIlfQ==}
    peerDependencies:
      '@types/lodash-es': '*'
      lodash: '*'
      lodash-es: '*'
    dependencies:
      '@types/lodash-es': 4.17.12
      lodash: 4.17.21
      lodash-es: 4.17.21
    dev: false

  /lodash@4.17.21:
    resolution: {integrity: sha512-v2kDEe57lecTulaDIuNTPy3Ry4gLGJ6Z1O3vE1krgXZNrsQ+LFTGHVxVjcXPs17LhbZVGedAJv8XZ1tvj5FvSg==}
    dev: false

  /magic-string@0.30.21:
    resolution: {integrity: sha512-vd2F4YUyEXKGcLHoq+TEyCjxueSeHnFxyyjNp80yg0XV4vUhnDer/lvvlqM/arB5bXQN5K2/3oinyCRyx8T2CQ==}
    dependencies:
      '@jridgewell/sourcemap-codec': 1.5.5

  /medium-editor@5.23.3:
    resolution: {integrity: sha512-he9/TdjX8f8MGdXGfCs8AllrYnqXJJvjNkDKmPg3aPW/uoIrlRqtkFthrwvmd+u4QyzEiadhCCM0EwTiRdUCJw==}
    dev: false

  /memoize-one@6.0.0:
    resolution: {integrity: sha512-rkpe71W0N0c0Xz6QD0eJETuWAJGnJ9afsl1srmwPrI+yBCkge5EycXXbYRyvL29zZVUWQCY7InPRCv3GDXuZNw==}
    dev: false

  /mobx-preact@3.0.0(mobx@5.15.7)(preact@10.28.0):
    resolution: {integrity: sha512-ijan/cBs3WmRye87E5+3JmoFBB00KDAwNA3pm7bMwYLPHBAXlN86aC3gdrXw8aKzM5RI8V3a993PphzPv6P4FA==}
    peerDependencies:
      mobx: 5.x
      preact: '>=8'
    dependencies:
      hoist-non-react-statics: 2.5.5
      mobx: 5.15.7
      preact: 10.28.0
    dev: false

  /mobx-utils@5.6.2(mobx@5.15.7):
    resolution: {integrity: sha512-a/WlXyGkp6F12b01sTarENpxbmlRgPHFyR1Xv2bsSjQBm5dcOtd16ONb40/vOqck8L99NHpI+C9MXQ+SZ8f+yw==}
    peerDependencies:
      mobx: ^4.13.1 || ^5.13.1
    dependencies:
      mobx: 5.15.7
    dev: false

  /mobx@5.15.7:
    resolution: {integrity: sha512-wyM3FghTkhmC+hQjyPGGFdpehrcX1KOXsDuERhfK2YbJemkUhEB+6wzEN639T21onxlfYBmriA1PFnvxTUhcKw==}
    dev: false

  /mousetrap@1.6.5:
    resolution: {integrity: sha512-QNo4kEepaIBwiT8CDhP98umTetp+JNfQYBWvC1pc6/OAibuXtRcxZ58Qz8skvEHYvURne/7R8T5VoOI7rDsEUA==}
    dev: false

  /nanoid@3.3.11:
    resolution: {integrity: sha512-N8SpfPUnUp1bK+PMYW8qSWdl9U+wwNWI4QKxOYDy9JAro3WMX7p2OeVRF9v+347pnakNevPmiHhNmZ2HbFA76w==}
    engines: {node: ^10 || ^12 || ^13.7 || ^14 || >=15.0.1}
    hasBin: true

  /normalize-wheel-es@1.2.0:
    resolution: {integrity: sha512-Wj7+EJQ8mSuXr2iWfnujrimU35R2W4FAErEyTmJoJ7ucwTn2hOUSsRehMb5RSYkxXGTM7Y9QpvPmp++w5ftoJw==}
    dev: false

  /path-data-parser@0.1.0:
    resolution: {integrity: sha512-NOnmBpt5Y2RWbuv0LMzsayp3lVylAHLPUTut412ZA3l+C4uw4ZVkQbjShYCQ8TCpUMdPapr4YjUqLYD6v68j+w==}
    dev: false

  /path-parse@1.0.7:
    resolution: {integrity: sha512-LDJzPVEEEPR+y48z93A0Ed0yXb8pAByGWo/k5YYdYgpY2/2EsOsksJrq7lOHxryrVOn1ejG6oAp8ahvOIQD8sw==}
    dev: true

  /picocolors@1.1.1:
    resolution: {integrity: sha512-xceH2snhtb5M9liqDsmEw56le376mTZkEX/jEb/RxNFyegNul7eNslCXP9FDj/Lcu0X8KEyMceP2ntpaHrDEVA==}

  /pnpm@8.15.9:
    resolution: {integrity: sha512-SZQ0ydj90aJ5Tr9FUrOyXApjOrzuW7Fee13pDzL0e1E6ypjNXP0AHDHw20VLw4BO3M1XhQHkyik6aBYWa72fgQ==}
    engines: {node: '>=16.14'}
    hasBin: true
    dev: true

  /points-on-curve@0.2.0:
    resolution: {integrity: sha512-0mYKnYYe9ZcqMCWhUjItv/oHjvgEsfKvnUTg8sAtnHr3GVy7rGkXCb6d5cSyqrWqL4k81b9CPg3urd+T7aop3A==}
    dev: false

  /points-on-path@0.2.1:
    resolution: {integrity: sha512-25ClnWWuw7JbWZcgqY/gJ4FQWadKxGWk+3kR/7kD0tCaDtPPMj7oHu2ToLaVhfpnHrZzYby2w6tUA0eOIuUg8g==}
    dependencies:
      path-data-parser: 0.1.0
      points-on-curve: 0.2.0
    dev: false

  /postcss@8.5.6:
    resolution: {integrity: sha512-3Ybi1tAuwAP9s0r1UQ2J4n5Y0G05bJkpUIO0/bI9MhwmD70S5aTWbXGBwxHrelT+XM1k6dM0pk+SwNkpTRN7Pg==}
    engines: {node: ^10 || ^12 || >=14}
    dependencies:
      nanoid: 3.3.11
      picocolors: 1.1.1
      source-map-js: 1.2.1

  /preact@10.28.0:
    resolution: {integrity: sha512-rytDAoiXr3+t6OIP3WGlDd0ouCUG1iCWzkcY3++Nreuoi17y6T5i/zRhe6uYfoVcxq6YU+sBtJouuRDsq8vvqA==}
    dev: false

  /rangy@1.3.2:
    resolution: {integrity: sha512-fS1C4MOyk8T+ZJZdLcgrukPWxkyDXa+Hd2Kj+Zg4wIK71yrWgmjzHubzPMY1G+WD9EgGxMp3fIL0zQ1ickmSWA==}
    dev: false

  /resolve@1.22.11:
    resolution: {integrity: sha512-RfqAvLnMl313r7c9oclB1HhUEAezcpLjz95wFH4LVuhk9JF/r22qmVP9AMmOU4vMX7Q8pN8jwNg/CSpdFnMjTQ==}
    engines: {node: '>= 0.4'}
    hasBin: true
    dependencies:
      is-core-module: 2.16.1
      path-parse: 1.0.7
      supports-preserve-symlinks-flag: 1.0.0
    dev: true

  /rollup@2.79.2:
    resolution: {integrity: sha512-fS6iqSPZDs3dr/y7Od6y5nha8dW1YnbgtsyotCVvoFGKbERG++CVRFv1meyGDE1SNItQA8BrnCw7ScdAhRJ3XQ==}
    engines: {node: '>=10.0.0'}
    hasBin: true
    optionalDependencies:
      fsevents: 2.3.3
    dev: true

  /roughjs@4.6.6:
    resolution: {integrity: sha512-ZUz/69+SYpFN/g/lUlo2FXcIjRkSu3nDarreVdGGndHEBJ6cXPdKguS8JGxwj5HA5xIbVKSmLgr5b3AWxtRfvQ==}
    dependencies:
      hachure-fill: 0.5.2
      path-data-parser: 0.1.0
      points-on-curve: 0.2.0
      points-on-path: 0.2.1
    dev: false

  /semver@7.7.3:
    resolution: {integrity: sha512-SdsKMrI9TdgjdweUSR9MweHA4EJ8YxHn8DFaDisvhVlUOe4BF1tLD7GAj0lIqWVl+dPb/rExr0Btby5loQm20Q==}
    engines: {node: '>=10'}
    hasBin: true
    dev: true

  /source-map-js@1.2.1:
    resolution: {integrity: sha512-UXWMKhLOwVKb728IUtQPXxfYU+usdybtUrK/8uGE8CQMvrhOpwvzDBwj0QhSL7MQc7vIsISBG8VQ8+IDQxpfQA==}
    engines: {node: '>=0.10.0'}

  /supports-preserve-symlinks-flag@1.0.0:
    resolution: {integrity: sha512-ot0WnXS9fgdkgIcePe6RHNk1WA8+muPa6cSjeR3V8K27q9BB1rTE3R1p7Hv0z1ZyAc8s6Vvv8DIyWf681MAt0w==}
    engines: {node: '>= 0.4'}
    dev: true

  /typescript@4.9.5:
    resolution: {integrity: sha512-1FXk9E2Hm+QzZQ7z+McJiHL4NW1F2EzMu9Nq9i3zAaGqibafqYwCVU6WyWAuyQRRzOlxou8xZSyXLEN8oKj24g==}
    engines: {node: '>=4.2.0'}
    hasBin: true

  /uuid@9.0.1:
    resolution: {integrity: sha512-b+1eJOlsR9K8HJpow9Ok3fiWOWSIcIzXodvv0rQjVoOVNpWMpxf1wZNpt4y9h10odCNrqnYp1OBzRktckBe3sA==}
    hasBin: true
    dev: false

  /vanilla-picker@2.12.3:
    resolution: {integrity: sha512-qVkT1E7yMbUsB2mmJNFmaXMWE2hF8ffqzMMwe9zdAikd8u2VfnsVY2HQcOUi2F38bgbxzlJBEdS1UUhOXdF9GQ==}
    dependencies:
      '@sphinxxxx/color-conversion': 2.2.2
    dev: false

  /vite@3.2.11:
    resolution: {integrity: sha512-K/jGKL/PgbIgKCiJo5QbASQhFiV02X9Jh+Qq0AKCRCRKZtOTVi4t6wh75FDpGf2N9rYOnzH87OEFQNaFy6pdxQ==}
    engines: {node: ^14.18.0 || >=16.0.0}
    hasBin: true
    peerDependencies:
      '@types/node': '>= 14'
      less: '*'
      sass: '*'
      stylus: '*'
      sugarss: '*'
      terser: ^5.4.0
    peerDependenciesMeta:
      '@types/node':
        optional: true
      less:
        optional: true
      sass:
        optional: true
      stylus:
        optional: true
      sugarss:
        optional: true
      terser:
        optional: true
    dependencies:
      esbuild: 0.15.18
      postcss: 8.5.6
      resolve: 1.22.11
      rollup: 2.79.2
    optionalDependencies:
      fsevents: 2.3.3
    dev: true

  /vue-demi@0.14.10(vue@3.5.25):
    resolution: {integrity: sha512-nMZBOwuzabUO0nLgIcc6rycZEebF6eeUfaiQx9+WSk8e29IbLvPU9feI6tqW4kTo3hvoYAJkMh8n8D0fuISphg==}
    engines: {node: '>=12'}
    hasBin: true
    requiresBuild: true
    peerDependencies:
      '@vue/composition-api': ^1.0.0-rc.1
      vue: ^3.0.0-0 || ^2.6.0
    peerDependenciesMeta:
      '@vue/composition-api':
        optional: true
    dependencies:
      vue: 3.5.25(typescript@4.9.5)
    dev: false

  /vue-tsc@0.40.13(typescript@4.9.5):
    resolution: {integrity: sha512-xzuN3g5PnKfJcNrLv4+mAjteMd5wLm5fRhW0034OfNJZY4WhB07vhngea/XeGn7wNYt16r7syonzvW/54dcNiA==}
    hasBin: true
    peerDependencies:
      typescript: '*'
    dependencies:
      '@volar/vue-language-core': 0.40.13
      '@volar/vue-typescript': 0.40.13
      typescript: 4.9.5
    dev: true

  /vue@3.5.25(typescript@4.9.5):
    resolution: {integrity: sha512-YLVdgv2K13WJ6n+kD5owehKtEXwdwXuj2TTyJMsO7pSeKw2bfRNZGjhB7YzrpbMYj5b5QsUebHpOqR3R3ziy/g==}
    peerDependencies:
      typescript: '*'
    peerDependenciesMeta:
      typescript:
        optional: true
    dependencies:
      '@vue/compiler-dom': 3.5.25
      '@vue/compiler-sfc': 3.5.25
      '@vue/runtime-dom': 3.5.25
      '@vue/server-renderer': 3.5.25(vue@3.5.25)
      '@vue/shared': 3.5.25
      typescript: 4.9.5
